// !$*UTF8*$!
{
	archiveVersion = 1;
	classes = {
	};
	objectVersion = 46;
	objects = {

/* Begin PBXBuildFile section */
		7BCE2C131B43F34600C4109C /* main.m in Sources */ = {isa = PBXBuildFile; fileRef = 7BCE2C121B43F34600C4109C /* main.m */; };
		7BCE2C161B43F34600C4109C /* AppDelegate.m in Sources */ = {isa = PBXBuildFile; fileRef = 7BCE2C151B43F34600C4109C /* AppDelegate.m */; };
		7BCE2C191B43F34600C4109C /* ViewController.m in Sources */ = {isa = PBXBuildFile; fileRef = 7BCE2C181B43F34600C4109C /* ViewController.m */; };
		7BCE2C1C1B43F34700C4109C /* Main.storyboard in Resources */ = {isa = PBXBuildFile; fileRef = 7BCE2C1A1B43F34700C4109C /* Main.storyboard */; };
		7BCE2C1E1B43F34700C4109C /* Images.xcassets in Resources */ = {isa = PBXBuildFile; fileRef = 7BCE2C1D1B43F34700C4109C /* Images.xcassets */; };
		7BCE2C211B43F34700C4109C /* LaunchScreen.xib in Resources */ = {isa = PBXBuildFile; fileRef = 7BCE2C1F1B43F34700C4109C /* LaunchScreen.xib */; };
		7BCE2C2D1B43F34700C4109C /* OptionSelectionTests.m in Sources */ = {isa = PBXBuildFile; fileRef = 7BCE2C2C1B43F34700C4109C /* OptionSelectionTests.m */; };
		7BCE2C3C1B43FCEA00C4109C /* CollectionViewCell.m in Sources */ = {isa = PBXBuildFile; fileRef = 7BCE2C3B1B43FCEA00C4109C /* CollectionViewCell.m */; };
		7BCE2C3F1B440ED100C4109C /* CollectionFlowLayout.m in Sources */ = {isa = PBXBuildFile; fileRef = 7BCE2C3E1B440ED100C4109C /* CollectionFlowLayout.m */; };
/* End PBXBuildFile section */

/* Begin PBXContainerItemProxy section */
		7BCE2C271B43F34700C4109C /* PBXContainerItemProxy */ = {
			isa = PBXContainerItemProxy;
			containerPortal = 7BCE2C051B43F34600C4109C /* Project object */;
			proxyType = 1;
			remoteGlobalIDString = 7BCE2C0C1B43F34600C4109C;
			remoteInfo = OptionSelection;
		};
/* End PBXContainerItemProxy section */

/* Begin PBXFileReference section */
		7BCE2C0D1B43F34600C4109C /* OptionSelection.app */ = {isa = PBXFileReference; explicitFileType = wrapper.application; includeInIndex = 0; path = OptionSelection.app; sourceTree = BUILT_PRODUCTS_DIR; };
		7BCE2C111B43F34600C4109C /* Info.plist */ = {isa = PBXFileReference; lastKnownFileType = text.plist.xml; path = Info.plist; sourceTree = "<group>"; };
		7BCE2C121B43F34600C4109C /* main.m */ = {isa = PBXFileReference; lastKnownFileType = sourcecode.c.objc; path = main.m; sourceTree = "<group>"; };
		7BCE2C141B43F34600C4109C /* AppDelegate.h */ = {isa = PBXFileReference; lastKnownFileType = sourcecode.c.h; path = AppDelegate.h; sourceTree = "<group>"; };
		7BCE2C151B43F34600C4109C /* AppDelegate.m */ = {isa = PBXFileReference; lastKnownFileType = sourcecode.c.objc; path = AppDelegate.m; sourceTree = "<group>"; };
		7BCE2C171B43F34600C4109C /* ViewController.h */ = {isa = PBXFileReference; lastKnownFileType = sourcecode.c.h; path = ViewController.h; sourceTree = "<group>"; };
		7BCE2C181B43F34600C4109C /* ViewController.m */ = {isa = PBXFileReference; lastKnownFileType = sourcecode.c.objc; path = ViewController.m; sourceTree = "<group>"; };
		7BCE2C1B1B43F34700C4109C /* Base */ = {isa = PBXFileReference; lastKnownFileType = file.storyboard; name = Base; path = Base.lproj/Main.storyboard; sourceTree = "<group>"; };
		7BCE2C1D1B43F34700C4109C /* Images.xcassets */ = {isa = PBXFileReference; lastKnownFileType = folder.assetcatalog; path = Images.xcassets; sourceTree = "<group>"; };
		7BCE2C201B43F34700C4109C /* Base */ = {isa = PBXFileReference; lastKnownFileType = file.xib; name = Base; path = Base.lproj/LaunchScreen.xib; sourceTree = "<group>"; };
		7BCE2C261B43F34700C4109C /* OptionSelectionTests.xctest */ = {isa = PBXFileReference; explicitFileType = wrapper.cfbundle; includeInIndex = 0; path = OptionSelectionTests.xctest; sourceTree = BUILT_PRODUCTS_DIR; };
		7BCE2C2B1B43F34700C4109C /* Info.plist */ = {isa = PBXFileReference; lastKnownFileType = text.plist.xml; path = Info.plist; sourceTree = "<group>"; };
		7BCE2C2C1B43F34700C4109C /* OptionSelectionTests.m */ = {isa = PBXFileReference; lastKnownFileType = sourcecode.c.objc; path = OptionSelectionTests.m; sourceTree = "<group>"; };
		7BCE2C3A1B43FCEA00C4109C /* CollectionViewCell.h */ = {isa = PBXFileReference; fileEncoding = 4; lastKnownFileType = sourcecode.c.h; path = CollectionViewCell.h; sourceTree = "<group>"; };
		7BCE2C3B1B43FCEA00C4109C /* CollectionViewCell.m */ = {isa = PBXFileReference; fileEncoding = 4; lastKnownFileType = sourcecode.c.objc; path = CollectionViewCell.m; sourceTree = "<group>"; };
		7BCE2C3D1B440ED000C4109C /* CollectionFlowLayout.h */ = {isa = PBXFileReference; fileEncoding = 4; lastKnownFileType = sourcecode.c.h; path = CollectionFlowLayout.h; sourceTree = "<group>"; };
		7BCE2C3E1B440ED100C4109C /* CollectionFlowLayout.m */ = {isa = PBXFileReference; fileEncoding = 4; lastKnownFileType = sourcecode.c.objc; path = CollectionFlowLayout.m; sourceTree = "<group>"; };
/* End PBXFileReference section */

/* Begin PBXFrameworksBuildPhase section */
		7BCE2C0A1B43F34600C4109C /* Frameworks */ = {
			isa = PBXFrameworksBuildPhase;
			buildActionMask = 2147483647;
			files = (
			);
			runOnlyForDeploymentPostprocessing = 0;
		};
		7BCE2C231B43F34700C4109C /* Frameworks */ = {
			isa = PBXFrameworksBuildPhase;
			buildActionMask = 2147483647;
			files = (
			);
			runOnlyForDeploymentPostprocessing = 0;
		};
/* End PBXFrameworksBuildPhase section */

/* Begin PBXGroup section */
		7BCE2C041B43F34600C4109C = {
			isa = PBXGroup;
			children = (
				7BCE2C0F1B43F34600C4109C /* OptionSelection */,
				7BCE2C291B43F34700C4109C /* OptionSelectionTests */,
				7BCE2C0E1B43F34600C4109C /* Products */,
			);
			sourceTree = "<group>";
		};
		7BCE2C0E1B43F34600C4109C /* Products */ = {
			isa = PBXGroup;
			children = (
				7BCE2C0D1B43F34600C4109C /* OptionSelection.app */,
				7BCE2C261B43F34700C4109C /* OptionSelectionTests.xctest */,
			);
			name = Products;
			sourceTree = "<group>";
		};
		7BCE2C0F1B43F34600C4109C /* OptionSelection */ = {
			isa = PBXGroup;
			children = (
				7BCE2C3D1B440ED000C4109C /* CollectionFlowLayout.h */,
				7BCE2C3E1B440ED100C4109C /* CollectionFlowLayout.m */,
				7BCE2C3A1B43FCEA00C4109C /* CollectionViewCell.h */,
				7BCE2C3B1B43FCEA00C4109C /* CollectionViewCell.m */,
				7BCE2C141B43F34600C4109C /* AppDelegate.h */,
				7BCE2C151B43F34600C4109C /* AppDelegate.m */,
				7BCE2C171B43F34600C4109C /* ViewController.h */,
				7BCE2C181B43F34600C4109C /* ViewController.m */,
				7BCE2C1A1B43F34700C4109C /* Main.storyboard */,
				7BCE2C1D1B43F34700C4109C /* Images.xcassets */,
				7BCE2C1F1B43F34700C4109C /* LaunchScreen.xib */,
				7BCE2C101B43F34600C4109C /* Supporting Files */,
			);
			path = OptionSelection;
			sourceTree = "<group>";
		};
		7BCE2C101B43F34600C4109C /* Supporting Files */ = {
			isa = PBXGroup;
			children = (
				7BCE2C111B43F34600C4109C /* Info.plist */,
				7BCE2C121B43F34600C4109C /* main.m */,
			);
			name = "Supporting Files";
			sourceTree = "<group>";
		};
		7BCE2C291B43F34700C4109C /* OptionSelectionTests */ = {
			isa = PBXGroup;
			children = (
				7BCE2C2C1B43F34700C4109C /* OptionSelectionTests.m */,
				7BCE2C2A1B43F34700C4109C /* Supporting Files */,
			);
			path = OptionSelectionTests;
			sourceTree = "<group>";
		};
		7BCE2C2A1B43F34700C4109C /* Supporting Files */ = {
			isa = PBXGroup;
			children = (
				7BCE2C2B1B43F34700C4109C /* Info.plist */,
			);
			name = "Supporting Files";
			sourceTree = "<group>";
		};
/* End PBXGroup section */

/* Begin PBXNativeTarget section */
		7BCE2C0C1B43F34600C4109C /* OptionSelection */ = {
			isa = PBXNativeTarget;
			buildConfigurationList = 7BCE2C301B43F34700C4109C /* Build configuration list for PBXNativeTarget "OptionSelection" */;
			buildPhases = (
				7BCE2C091B43F34600C4109C /* Sources */,
				7BCE2C0A1B43F34600C4109C /* Frameworks */,
				7BCE2C0B1B43F34600C4109C /* Resources */,
			);
			buildRules = (
			);
			dependencies = (
			);
			name = OptionSelection;
			productName = OptionSelection;
			productReference = 7BCE2C0D1B43F34600C4109C /* OptionSelection.app */;
			productType = "com.apple.product-type.application";
		};
		7BCE2C251B43F34700C4109C /* OptionSelectionTests */ = {
			isa = PBXNativeTarget;
			buildConfigurationList = 7BCE2C331B43F34700C4109C /* Build configuration list for PBXNativeTarget "OptionSelectionTests" */;
			buildPhases = (
				7BCE2C221B43F34700C4109C /* Sources */,
				7BCE2C231B43F34700C4109C /* Frameworks */,
				7BCE2C241B43F34700C4109C /* Resources */,
			);
			buildRules = (
			);
			dependencies = (
				7BCE2C281B43F34700C4109C /* PBXTargetDependency */,
			);
			name = OptionSelectionTests;
			productName = OptionSelectionTests;
			productReference = 7BCE2C261B43F34700C4109C /* OptionSelectionTests.xctest */;
			productType = "com.apple.product-type.bundle.unit-test";
		};
/* End PBXNativeTarget section */

/* Begin PBXProject section */
		7BCE2C051B43F34600C4109C /* Project object */ = {
			isa = PBXProject;
			attributes = {
				LastUpgradeCheck = 0630;
				ORGANIZATIONNAME = "IQR IT";
				TargetAttributes = {
					7BCE2C0C1B43F34600C4109C = {
						CreatedOnToolsVersion = 6.3.1;
					};
					7BCE2C251B43F34700C4109C = {
						CreatedOnToolsVersion = 6.3.1;
						TestTargetID = 7BCE2C0C1B43F34600C4109C;
					};
				};
			};
			buildConfigurationList = 7BCE2C081B43F34600C4109C /* Build configuration list for PBXProject "OptionSelection" */;
			compatibilityVersion = "Xcode 3.2";
			developmentRegion = English;
			hasScannedForEncodings = 0;
			knownRegions = (
				en,
				Base,
			);
			mainGroup = 7BCE2C041B43F34600C4109C;
			productRefGroup = 7BCE2C0E1B43F34600C4109C /* Products */;
			projectDirPath = "";
			projectRoot = "";
			targets = (
				7BCE2C0C1B43F34600C4109C /* OptionSelection */,
				7BCE2C251B43F34700C4109C /* OptionSelectionTests */,
			);
		};
/* End PBXProject section */

/* Begin PBXResourcesBuildPhase section */
		7BCE2C0B1B43F34600C4109C /* Resources */ = {
			isa = PBXResourcesBuildPhase;
			buildActionMask = 2147483647;
			files = (
				7BCE2C1C1B43F34700C4109C /* Main.storyboard in Resources */,
				7BCE2C211B43F34700C4109C /* LaunchScreen.xib in Resources */,
				7BCE2C1E1B43F34700C4109C /* Images.xcassets in Resources */,
			);
			runOnlyForDeploymentPostprocessing = 0;
		};
		7BCE2C241B43F34700C4109C /* Resources */ = {
			isa = PBXResourcesBuildPhase;
			buildActionMask = 2147483647;
			files = (
			);
			runOnlyForDeploymentPostprocessing = 0;
		};
/* End PBXResourcesBuildPhase section */

/* Begin PBXSourcesBuildPhase section */
		7BCE2C091B43F34600C4109C /* Sources */ = {
			isa = PBXSourcesBuildPhase;
			buildActionMask = 2147483647;
			files = (
				7BCE2C191B43F34600C4109C /* ViewController.m in Sources */,
				7BCE2C161B43F34600C4109C /* AppDelegate.m in Sources */,
				7BCE2C3F1B440ED100C4109C /* CollectionFlowLayout.m in Sources */,
				7BCE2C3C1B43FCEA00C4109C /* CollectionViewCell.m in Sources */,
				7BCE2C131B43F34600C4109C /* main.m in Sources */,
			);
			runOnlyForDeploymentPostprocessing = 0;
		};
		7BCE2C221B43F34700C4109C /* Sources */ = {
			isa = PBXSourcesBuildPhase;
			buildActionMask = 2147483647;
			files = (
				7BCE2C2D1B43F34700C4109C /* OptionSelectionTests.m in Sources */,
			);
			runOnlyForDeploymentPostprocessing = 0;
		};
/* End PBXSourcesBuildPhase section */

/* Begin PBXTargetDependency section */
		7BCE2C281B43F34700C4109C /* PBXTargetDependency */ = {
			isa = PBXTargetDependency;
			target = 7BCE2C0C1B43F34600C4109C /* OptionSelection */;
			targetProxy = 7BCE2C271B43F34700C4109C /* PBXContainerItemProxy */;
		};
/* End PBXTargetDependency section */

/* Begin PBXVariantGroup section */
		7BCE2C1A1B43F34700C4109C /* Main.storyboard */ = {
			isa = PBXVariantGroup;
			children = (
				7BCE2C1B1B43F34700C4109C /* Base */,
			);
			name = Main.storyboard;
			sourceTree = "<group>";
		};
		7BCE2C1F1B43F34700C4109C /* LaunchScreen.xib */ = {
			isa = PBXVariantGroup;
			children = (
				7BCE2C201B43F34700C4109C /* Base */,
			);
			name = LaunchScreen.xib;
			sourceTree = "<group>";
		};
/* End PBXVariantGroup section */

/* Begin XCBuildConfiguration section */
		7BCE2C2E1B43F34700C4109C /* Debug */ = {
			isa = XCBuildConfiguration;
			buildSettings = {
				ALWAYS_SEARCH_USER_PATHS = NO;
				CLANG_CXX_LANGUAGE_STANDARD = "gnu++0x";
				CLANG_CXX_LIBRARY = "libc++";
				CLANG_ENABLE_MODULES = YES;
				CLANG_ENABLE_OBJC_ARC = YES;
				CLANG_WARN_BOOL_CONVERSION = YES;
				CLANG_WARN_CONSTANT_CONVERSION = YES;
				CLANG_WARN_DIRECT_OBJC_ISA_USAGE = YES_ERROR;
				CLANG_WARN_EMPTY_BODY = YES;
				CLANG_WARN_ENUM_CONVERSION = YES;
				CLANG_WARN_INT_CONVERSION = YES;
				CLANG_WARN_OBJC_ROOT_CLASS = YES_ERROR;
				CLANG_WARN_UNREACHABLE_CODE = YES;
				CLANG_WARN__DUPLICATE_METHOD_MATCH = YES;
				"CODE_SIGN_IDENTITY[sdk=iphoneos*]" = "iPhone Developer";
				COPY_PHASE_STRIP = NO;
				DEBUG_INFORMATION_FORMAT = "dwarf-with-dsym";
				ENABLE_STRICT_OBJC_MSGSEND = YES;
				GCC_C_LANGUAGE_STANDARD = gnu99;
				GCC_DYNAMIC_NO_PIC = NO;
				GCC_NO_COMMON_BLOCKS = YES;
				GCC_OPTIMIZATION_LEVEL = 0;
				GCC_PREPROCESSOR_DEFINITIONS = (
					"DEBUG=1",
					"$(inherited)",
				);
				GCC_SYMBOLS_PRIVATE_EXTERN = NO;
				GCC_WARN_64_TO_32_BIT_CONVERSION = YES;
				GCC_WARN_ABOUT_RETURN_TYPE = YES_ERROR;
				GCC_WARN_UNDECLARED_SELECTOR = YES;
				GCC_WARN_UNINITIALIZED_AUTOS = YES_AGGRESSIVE;
				GCC_WARN_UNUSED_FUNCTION = YES;
				GCC_WARN_UNUSED_VARIABLE = YES;
				IPHONEOS_DEPLOYMENT_TARGET = 8.3;
				MTL_ENABLE_DEBUG_INFO = YES;
				ONLY_ACTIVE_ARCH = YES;
				SDKROOT = iphoneos;
			};
			name = Debug;
		};
		7BCE2C2F1B43F34700C4109C /* Release */ = {
			isa = XCBuildConfiguration;
			buildSettings = {
				ALWAYS_SEARCH_USER_PATHS = NO;
				CLANG_CXX_LANGUAGE_STANDARD = "gnu++0x";
				CLANG_CXX_LIBRARY = "libc++";
				CLANG_ENABLE_MODULES = YES;
				CLANG_ENABLE_OBJC_ARC = YES;
				CLANG_WARN_BOOL_CONVERSION = YES;
				CLANG_WARN_CONSTANT_CONVERSION = YES;
				CLANG_WARN_DIRECT_OBJC_ISA_USAGE = YES_ERROR;
				CLANG_WARN_EMPTY_BODY = YES;
				CLANG_WARN_ENUM_CONVERSION = YES;
				CLANG_WARN_INT_CONVERSION = YES;
				CLANG_WARN_OBJC_ROOT_CLASS = YES_ERROR;
				CLANG_WARN_UNREACHABLE_CODE = YES;
				CLANG_WARN__DUPLICATE_METHOD_MATCH = YES;
				"CODE_SIGN_IDENTITY[sdk=iphoneos*]" = "iPhone Developer";
				COPY_PHASE_STRIP = NO;
				DEBUG_INFORMATION_FORMAT = "dwarf-with-dsym";
				ENABLE_NS_ASSERTIONS = NO;
				ENABLE_STRICT_OBJC_MSGSEND = YES;
				GCC_C_LANGUAGE_STANDARD = gnu99;
				GCC_NO_COMMON_BLOCKS = YES;
				GCC_WARN_64_TO_32_BIT_CONVERSION = YES;
				GCC_WARN_ABOUT_RETURN_TYPE = YES_ERROR;
				GCC_WARN_UNDECLARED_SELECTOR = YES;
				GCC_WARN_UNINITIALIZED_AUTOS = YES_AGGRESSIVE;
				GCC_WARN_UNUSED_FUNCTION = YES;
				GCC_WARN_UNUSED_VARIABLE = YES;
				IPHONEOS_DEPLOYMENT_TARGET = 8.3;
				MTL_ENABLE_DEBUG_INFO = NO;
				SDKROOT = iphoneos;
				VALIDATE_PRODUCT = YES;
			};
			name = Release;
		};
		7BCE2C311B43F34700C4109C /* Debug */ = {
			isa = XCBuildConfiguration;
			buildSettings = {
				ASSETCATALOG_COMPILER_APPICON_NAME = AppIcon;
				INFOPLIST_FILE = OptionSelection/Info.plist;
				LD_RUNPATH_SEARCH_PATHS = "$(inherited) @executable_path/Frameworks";
				PRODUCT_NAME = "$(TARGET_NAME)";
			};
			name = Debug;
		};
		7BCE2C321B43F34700C4109C /* Release */ = {
			isa = XCBuildConfiguration;
			buildSettings = {
				ASSETCATALOG_COMPILER_APPICON_NAME = AppIcon;
				INFOPLIST_FILE = OptionSelection/Info.plist;
				LD_RUNPATH_SEARCH_PATHS = "$(inherited) @executable_path/Frameworks";
				PRODUCT_NAME = "$(TARGET_NAME)";
			};
			name = Release;
		};
		7BCE2C341B43F34700C4109C /* Debug */ = {
			isa = XCBuildConfiguration;
			buildSettings = {
				BUNDLE_LOADER = "$(TEST_HOST)";
				FRAMEWORK_SEARCH_PATHS = (
					"$(SDKROOT)/Developer/Library/Frameworks",
					"$(inherited)",
				);
				GCC_PREPROCESSOR_DEFINITIONS = (
					"DEBUG=1",
					"$(inherited)",
				);
				INFOPLIST_FILE = OptionSelectionTests/Info.plist;
				LD_RUNPATH_SEARCH_PATHS = "$(inherited) @executable_path/Frameworks @loader_path/Frameworks";
				PRODUCT_NAME = "$(TARGET_NAME)";
				TEST_HOST = "$(BUILT_PRODUCTS_DIR)/OptionSelection.app/OptionSelection";
			};
			name = Debug;
		};
		7BCE2C351B43F34700C4109C /* Release */ = {
			isa = XCBuildConfiguration;
			buildSettings = {
				BUNDLE_LOADER = "$(TEST_HOST)";
				FRAMEWORK_SEARCH_PATHS = (
					"$(SDKROOT)/Developer/Library/Frameworks",
					"$(inherited)",
				);
				INFOPLIST_FILE = OptionSelectionTests/Info.plist;
				LD_RUNPATH_SEARCH_PATHS = "$(inherited) @executable_path/Frameworks @loader_path/Frameworks";
				PRODUCT_NAME = "$(TARGET_NAME)";
				TEST_HOST = "$(BUILT_PRODUCTS_DIR)/OptionSelection.app/OptionSelection";
			};
			name = Release;
		};
/* End XCBuildConfiguration section */

/* Begin XCConfigurationList section */
		7BCE2C081B43F34600C4109C /* Build configuration list for PBXProject "OptionSelection" */ = {
			isa = XCConfigurationList;
			buildConfigurations = (
				7BCE2C2E1B43F34700C4109C /* Debug */,
				7BCE2C2F1B43F34700C4109C /* Release */,
			);
			defaultConfigurationIsVisible = 0;
			defaultConfigurationName = Release;
		};
		7BCE2C301B43F34700C4109C /* Build configuration list for PBXNativeTarget "OptionSelection" */ = {
			isa = XCConfigurationList;
			buildConfigurations = (
				7BCE2C311B43F34700C4109C /* Debug */,
				7BCE2C321B43F34700C4109C /* Release */,
			);
			defaultConfigurationIsVisible = 0;
		};
		7BCE2C331B43F34700C4109C /* Build configuration list for PBXNativeTarget "OptionSelectionTests" */ = {
			isa = XCConfigurationList;
			buildConfigurations = (
				7BCE2C341B43F34700C4109C /* Debug */,
				7BCE2C351B43F34700C4109C /* Release */,
			);
			defaultConfigurationIsVisible = 0;
		};
/* End XCConfigurationList section */
	};
	rootObject = 7BCE2C051B43F34600C4109C /* Project object */;
}
